
Microsoft Visual Studio Solution File, Format Version 12.00
# Visual Studio Version 16
VisualStudioVersion = 16.0.30330.147
MinimumVisualStudioVersion = 10.0.40219.1
Project("{9A19103F-16F7-4668-BE54-9A1E7A4F7556}") = "bankapp_refactored_week4", "bankapp_refactored_week4.csproj", "{BB31D2B4-E4D6-4F17-9EE0-000BD94ABA19}"
EndProject
Project("{9A19103F-16F7-4668-BE54-9A1E7A4F7556}") = "BankAppTest", "..\BankAppTest\BankAppTest.csproj", "{D51A023D-1C36-43AF-9652-A1C2E7EFC1FD}"
EndProject
Global
	GlobalSection(SolutionConfigurationPlatforms) = preSolution
		Debug|Any CPU = Debug|Any CPU
		Release|Any CPU = Release|Any CPU
	EndGlobalSection
	GlobalSection(ProjectConfigurationPlatforms) = postSolution
		{BB31D2B4-E4D6-4F17-9EE0-000BD94ABA19}.Debug|Any CPU.ActiveCfg = Debug|Any CPU
		{BB31D2B4-E4D6-4F17-9EE0-000BD94ABA19}.Debug|Any CPU.Build.0 = Debug|Any CPU
		{BB31D2B4-E4D6-4F17-9EE0-000BD94ABA19}.Release|Any CPU.ActiveCfg = Release|Any CPU
		{BB31D2B4-E4D6-4F17-9EE0-000BD94ABA19}.Release|Any CPU.Build.0 = Release|Any CPU
		{D51A023D-1C36-43AF-9652-A1C2E7EFC1FD}.Debug|Any CPU.ActiveCfg = Debug|Any CPU
		{D51A023D-1C36-43AF-9652-A1C2E7EFC1FD}.Debug|Any CPU.Build.0 = Debug|Any CPU
		{D51A023D-1C36-43AF-9652-A1C2E7EFC1FD}.Release|Any CPU.ActiveCfg = Release|Any CPU
		{D51A023D-1C36-43AF-9652-A1C2E7EFC1FD}.Release|Any CPU.Build.0 = Release|Any CPU
	EndGlobalSection
	GlobalSection(SolutionProperties) = preSolution
		HideSolutionNode = FALSE
	EndGlobalSection
	GlobalSection(ExtensibilityGlobals) = postSolution
		SolutionGuid = {722562CA-4063-402F-A0CD-82C2CAB38D71}
	EndGlobalSection
EndGlobal
